
Microsoft Visual Studio Solution File, Format Version 12.00
# Visual Studio Version 17
VisualStudioVersion = 17.0.31912.275
MinimumVisualStudioVersion = 10.0.40219.1
Project("{9A19103F-16F7-4668-BE54-9A1E7A4F7556}") = "LogViewer", "LogViewer\LogViewer.csproj", "{39E25D34-6E33-4746-AEFB-438FC747FE6F}"
EndProject
Project("{FAE04EC0-301F-11D3-BF4B-00C04F79EFBC}") = "WinLogViewer", "WinLogViewer\WinLogViewer.csproj", "{4EE007CC-C902-4CBA-B857-9F7B105DA22C}"
EndProject
Global
	GlobalSection(SolutionConfigurationPlatforms) = preSolution
		Debug|Any CPU = Debug|Any CPU
		Release|Any CPU = Release|Any CPU
	EndGlobalSection
	GlobalSection(ProjectConfigurationPlatforms) = postSolution
		{39E25D34-6E33-4746-AEFB-438FC747FE6F}.Debug|Any CPU.ActiveCfg = Debug|Any CPU
		{39E25D34-6E33-4746-AEFB-438FC747FE6F}.Debug|Any CPU.Build.0 = Debug|Any CPU
		{39E25D34-6E33-4746-AEFB-438FC747FE6F}.Release|Any CPU.ActiveCfg = Release|Any CPU
		{39E25D34-6E33-4746-AEFB-438FC747FE6F}.Release|Any CPU.Build.0 = Release|Any CPU
		{4EE007CC-C902-4CBA-B857-9F7B105DA22C}.Debug|Any CPU.ActiveCfg = Debug|Any CPU
		{4EE007CC-C902-4CBA-B857-9F7B105DA22C}.Debug|Any CPU.Build.0 = Debug|Any CPU
		{4EE007CC-C902-4CBA-B857-9F7B105DA22C}.Release|Any CPU.ActiveCfg = Release|Any CPU
		{4EE007CC-C902-4CBA-B857-9F7B105DA22C}.Release|Any CPU.Build.0 = Release|Any CPU
	EndGlobalSection
	GlobalSection(SolutionProperties) = preSolution
		HideSolutionNode = FALSE
	EndGlobalSection
	GlobalSection(ExtensibilityGlobals) = postSolution
		SolutionGuid = {4409B2B9-0991-4A48-BFC9-7311FCDADB6C}
	EndGlobalSection
EndGlobal
